
Microsoft Visual Studio Solution File, Format Version 11.00
# Visual Studio 2010
Project("{FAE04EC0-301F-11D3-BF4B-00C04F79EFBC}") = "Assembly-CSharp", "Assembly-CSharp.csproj", "{20abf197-a897-bcf4-5be9-9321b2abdc36}"
EndProject
Project("{FAE04EC0-301F-11D3-BF4B-00C04F79EFBC}") = "Assembly-CSharp-Editor", "Assembly-CSharp-Editor.csproj", "{2b8b9f86-ff81-4178-8415-2bb04018fff7}"
EndProject
Global
	GlobalSection(SolutionConfigurationPlatforms) = preSolution
		Debug|Any CPU = Debug|Any CPU
	EndGlobalSection
	GlobalSection(ProjectConfigurationPlatforms) = postSolution
		{20abf197-a897-bcf4-5be9-9321b2abdc36}.Debug|Any CPU.ActiveCfg = Debug|Any CPU
		{20abf197-a897-bcf4-5be9-9321b2abdc36}.Debug|Any CPU.Build.0 = Debug|Any CPU
		{2b8b9f86-ff81-4178-8415-2bb04018fff7}.Debug|Any CPU.ActiveCfg = Debug|Any CPU
		{2b8b9f86-ff81-4178-8415-2bb04018fff7}.Debug|Any CPU.Build.0 = Debug|Any CPU
	EndGlobalSection
	GlobalSection(SolutionProperties) = preSolution
		HideSolutionNode = FALSE
	EndGlobalSection
EndGlobal
