
Microsoft Visual Studio Solution File, Format Version 12.00
# Visual Studio 15
Project("{FAE04EC0-301F-11D3-BF4B-00C04F79EFBC}") = "Assembly-CSharp", "Assembly-CSharp.csproj", "{97F1AB20-97A8-F4BC-5BE9-9321B2ABDC36}"
EndProject
Project("{FAE04EC0-301F-11D3-BF4B-00C04F79EFBC}") = "Assembly-CSharp-Editor", "Assembly-CSharp-Editor.csproj", "{869F8B2B-81FF-7841-8415-2BB04018FFF7}"
EndProject
Global
	GlobalSection(SolutionConfigurationPlatforms) = preSolution
		Debug|Any CPU = Debug|Any CPU
		Release|Any CPU = Release|Any CPU
	EndGlobalSection
	GlobalSection(ProjectConfigurationPlatforms) = postSolution
		{97F1AB20-97A8-F4BC-5BE9-9321B2ABDC36}.Debug|Any CPU.ActiveCfg = Debug|Any CPU
		{97F1AB20-97A8-F4BC-5BE9-9321B2ABDC36}.Debug|Any CPU.Build.0 = Debug|Any CPU
		{97F1AB20-97A8-F4BC-5BE9-9321B2ABDC36}.Release|Any CPU.ActiveCfg = Release|Any CPU
		{97F1AB20-97A8-F4BC-5BE9-9321B2ABDC36}.Release|Any CPU.Build.0 = Release|Any CPU
		{869F8B2B-81FF-7841-8415-2BB04018FFF7}.Debug|Any CPU.ActiveCfg = Debug|Any CPU
		{869F8B2B-81FF-7841-8415-2BB04018FFF7}.Debug|Any CPU.Build.0 = Debug|Any CPU
		{869F8B2B-81FF-7841-8415-2BB04018FFF7}.Release|Any CPU.ActiveCfg = Release|Any CPU
		{869F8B2B-81FF-7841-8415-2BB04018FFF7}.Release|Any CPU.Build.0 = Release|Any CPU
	EndGlobalSection
	GlobalSection(SolutionProperties) = preSolution
		HideSolutionNode = FALSE
	EndGlobalSection
EndGlobal
